
Microsoft Visual Studio Solution File, Format Version 12.00
# Visual Studio 15
VisualStudioVersion = 15.0.28307.489
MinimumVisualStudioVersion = 10.0.40219.1
Project("{FAE04EC0-301F-11D3-BF4B-00C04F79EFBC}") = "Shirts", "Shirts\Shirts.csproj", "{EBE964BD-70A9-4371-8920-FB39F8A90049}"
EndProject
Project("{FAE04EC0-301F-11D3-BF4B-00C04F79EFBC}") = "Shirts.Data", "Shirts.Data\Shirts.Data.csproj", "{E8480617-C797-4662-A004-5D053BE0F729}"
EndProject
Project("{FAE04EC0-301F-11D3-BF4B-00C04F79EFBC}") = "Shirts.Models", "Shirts.Models\Shirts.Models.csproj", "{8518250D-8678-4D5F-BDAB-B848110CA5D6}"
EndProject
Global
	GlobalSection(SolutionConfigurationPlatforms) = preSolution
		Debug|Any CPU = Debug|Any CPU
		Release|Any CPU = Release|Any CPU
	EndGlobalSection
	GlobalSection(ProjectConfigurationPlatforms) = postSolution
		{EBE964BD-70A9-4371-8920-FB39F8A90049}.Debug|Any CPU.ActiveCfg = Debug|Any CPU
		{EBE964BD-70A9-4371-8920-FB39F8A90049}.Debug|Any CPU.Build.0 = Debug|Any CPU
		{EBE964BD-70A9-4371-8920-FB39F8A90049}.Release|Any CPU.ActiveCfg = Release|Any CPU
		{EBE964BD-70A9-4371-8920-FB39F8A90049}.Release|Any CPU.Build.0 = Release|Any CPU
		{E8480617-C797-4662-A004-5D053BE0F729}.Debug|Any CPU.ActiveCfg = Debug|Any CPU
		{E8480617-C797-4662-A004-5D053BE0F729}.Debug|Any CPU.Build.0 = Debug|Any CPU
		{E8480617-C797-4662-A004-5D053BE0F729}.Release|Any CPU.ActiveCfg = Release|Any CPU
		{E8480617-C797-4662-A004-5D053BE0F729}.Release|Any CPU.Build.0 = Release|Any CPU
		{8518250D-8678-4D5F-BDAB-B848110CA5D6}.Debug|Any CPU.ActiveCfg = Debug|Any CPU
		{8518250D-8678-4D5F-BDAB-B848110CA5D6}.Debug|Any CPU.Build.0 = Debug|Any CPU
		{8518250D-8678-4D5F-BDAB-B848110CA5D6}.Release|Any CPU.ActiveCfg = Release|Any CPU
		{8518250D-8678-4D5F-BDAB-B848110CA5D6}.Release|Any CPU.Build.0 = Release|Any CPU
	EndGlobalSection
	GlobalSection(SolutionProperties) = preSolution
		HideSolutionNode = FALSE
	EndGlobalSection
	GlobalSection(ExtensibilityGlobals) = postSolution
		SolutionGuid = {3657B87D-2CCA-4468-9917-87D972572CC9}
	EndGlobalSection
EndGlobal
