
Microsoft Visual Studio Solution File, Format Version 12.00
# Visual Studio 15
VisualStudioVersion = 15.0.28307.489
MinimumVisualStudioVersion = 10.0.40219.1
Project("{FAE04EC0-301F-11D3-BF4B-00C04F79EFBC}") = "Layouts", "Layouts\Layouts.csproj", "{4DEFEC6A-F418-4108-BB9E-540C54B77FD4}"
EndProject
Project("{FAE04EC0-301F-11D3-BF4B-00C04F79EFBC}") = "EfData", "EfData\EfData.csproj", "{5B36F882-5251-4F31-A4FF-2813FBA5ED00}"
EndProject
Global
	GlobalSection(SolutionConfigurationPlatforms) = preSolution
		Debug|Any CPU = Debug|Any CPU
		Release|Any CPU = Release|Any CPU
	EndGlobalSection
	GlobalSection(ProjectConfigurationPlatforms) = postSolution
		{4DEFEC6A-F418-4108-BB9E-540C54B77FD4}.Debug|Any CPU.ActiveCfg = Debug|Any CPU
		{4DEFEC6A-F418-4108-BB9E-540C54B77FD4}.Debug|Any CPU.Build.0 = Debug|Any CPU
		{4DEFEC6A-F418-4108-BB9E-540C54B77FD4}.Release|Any CPU.ActiveCfg = Release|Any CPU
		{4DEFEC6A-F418-4108-BB9E-540C54B77FD4}.Release|Any CPU.Build.0 = Release|Any CPU
		{5B36F882-5251-4F31-A4FF-2813FBA5ED00}.Debug|Any CPU.ActiveCfg = Debug|Any CPU
		{5B36F882-5251-4F31-A4FF-2813FBA5ED00}.Debug|Any CPU.Build.0 = Debug|Any CPU
		{5B36F882-5251-4F31-A4FF-2813FBA5ED00}.Release|Any CPU.ActiveCfg = Release|Any CPU
		{5B36F882-5251-4F31-A4FF-2813FBA5ED00}.Release|Any CPU.Build.0 = Release|Any CPU
	EndGlobalSection
	GlobalSection(SolutionProperties) = preSolution
		HideSolutionNode = FALSE
	EndGlobalSection
	GlobalSection(ExtensibilityGlobals) = postSolution
		SolutionGuid = {0A3D37F0-73E8-441F-BE7C-87E125EFD732}
	EndGlobalSection
EndGlobal
